
Microsoft Visual Studio Solution File, Format Version 12.00
Project("{FAE04EC0-301F-11D3-BF4B-00C04F79EFBC}") = "ElasticSearch", "ElasticSearch\ElasticSearch.csproj", "{4D6A2824-CDDA-4904-8582-8E349E2C830D}"
EndProject
Global
	GlobalSection(SolutionConfigurationPlatforms) = preSolution
		Debug|Any CPU = Debug|Any CPU
		Release|Any CPU = Release|Any CPU
	EndGlobalSection
	GlobalSection(ProjectConfigurationPlatforms) = postSolution
		{4D6A2824-CDDA-4904-8582-8E349E2C830D}.Debug|Any CPU.ActiveCfg = Debug|Any CPU
		{4D6A2824-CDDA-4904-8582-8E349E2C830D}.Debug|Any CPU.Build.0 = Debug|Any CPU
		{4D6A2824-CDDA-4904-8582-8E349E2C830D}.Release|Any CPU.ActiveCfg = Release|Any CPU
		{4D6A2824-CDDA-4904-8582-8E349E2C830D}.Release|Any CPU.Build.0 = Release|Any CPU
	EndGlobalSection
EndGlobal
